
Microsoft Visual Studio Solution File, Format Version 12.00
# Visual Studio 15
VisualStudioVersion = 15.0.27130.2010
MinimumVisualStudioVersion = 10.0.40219.1
Project("{FAE04EC0-301F-11D3-BF4B-00C04F79EFBC}") = "PresentationLayer", "QLKS\PresentationLayer.csproj", "{D79594ED-40E6-4283-B706-D764504CF233}"
EndProject
Project("{FAE04EC0-301F-11D3-BF4B-00C04F79EFBC}") = "DataAccesLayer", "DataAccesLayer\DataAccesLayer.csproj", "{2215893F-49EA-4CEB-8A84-AA43B224BE74}"
EndProject
Project("{FAE04EC0-301F-11D3-BF4B-00C04F79EFBC}") = "BusinessLayer", "BusinessLayer\BusinessLayer.csproj", "{CC8D9B9A-AE33-4C8D-AC11-17621CCD0E97}"
EndProject
Project("{FAE04EC0-301F-11D3-BF4B-00C04F79EFBC}") = "DataTranferObject", "DataTranferObject\DataTranferObject.csproj", "{B5549506-6209-45A7-846E-6CD2CCDE2C82}"
EndProject
Project("{FAE04EC0-301F-11D3-BF4B-00C04F79EFBC}") = "WebAPIService", "WebAPIService\WebAPIService.csproj", "{EC90545F-53D2-4CF9-8E7B-711385FC24F9}"
EndProject
Global
	GlobalSection(SolutionConfigurationPlatforms) = preSolution
		Debug|Any CPU = Debug|Any CPU
		Release|Any CPU = Release|Any CPU
	EndGlobalSection
	GlobalSection(ProjectConfigurationPlatforms) = postSolution
		{D79594ED-40E6-4283-B706-D764504CF233}.Debug|Any CPU.ActiveCfg = Debug|Any CPU
		{D79594ED-40E6-4283-B706-D764504CF233}.Debug|Any CPU.Build.0 = Debug|Any CPU
		{D79594ED-40E6-4283-B706-D764504CF233}.Release|Any CPU.ActiveCfg = Release|Any CPU
		{D79594ED-40E6-4283-B706-D764504CF233}.Release|Any CPU.Build.0 = Release|Any CPU
		{2215893F-49EA-4CEB-8A84-AA43B224BE74}.Debug|Any CPU.ActiveCfg = Debug|Any CPU
		{2215893F-49EA-4CEB-8A84-AA43B224BE74}.Debug|Any CPU.Build.0 = Debug|Any CPU
		{2215893F-49EA-4CEB-8A84-AA43B224BE74}.Release|Any CPU.ActiveCfg = Release|Any CPU
		{2215893F-49EA-4CEB-8A84-AA43B224BE74}.Release|Any CPU.Build.0 = Release|Any CPU
		{CC8D9B9A-AE33-4C8D-AC11-17621CCD0E97}.Debug|Any CPU.ActiveCfg = Debug|Any CPU
		{CC8D9B9A-AE33-4C8D-AC11-17621CCD0E97}.Debug|Any CPU.Build.0 = Debug|Any CPU
		{CC8D9B9A-AE33-4C8D-AC11-17621CCD0E97}.Release|Any CPU.ActiveCfg = Release|Any CPU
		{CC8D9B9A-AE33-4C8D-AC11-17621CCD0E97}.Release|Any CPU.Build.0 = Release|Any CPU
		{B5549506-6209-45A7-846E-6CD2CCDE2C82}.Debug|Any CPU.ActiveCfg = Debug|Any CPU
		{B5549506-6209-45A7-846E-6CD2CCDE2C82}.Debug|Any CPU.Build.0 = Debug|Any CPU
		{B5549506-6209-45A7-846E-6CD2CCDE2C82}.Release|Any CPU.ActiveCfg = Release|Any CPU
		{B5549506-6209-45A7-846E-6CD2CCDE2C82}.Release|Any CPU.Build.0 = Release|Any CPU
		{EC90545F-53D2-4CF9-8E7B-711385FC24F9}.Debug|Any CPU.ActiveCfg = Debug|Any CPU
		{EC90545F-53D2-4CF9-8E7B-711385FC24F9}.Debug|Any CPU.Build.0 = Debug|Any CPU
		{EC90545F-53D2-4CF9-8E7B-711385FC24F9}.Release|Any CPU.ActiveCfg = Release|Any CPU
		{EC90545F-53D2-4CF9-8E7B-711385FC24F9}.Release|Any CPU.Build.0 = Release|Any CPU
	EndGlobalSection
	GlobalSection(SolutionProperties) = preSolution
		HideSolutionNode = FALSE
	EndGlobalSection
	GlobalSection(ExtensibilityGlobals) = postSolution
		SolutionGuid = {C2CCE902-B9D2-44FA-AEF3-3DFCB6FCF6F7}
	EndGlobalSection
EndGlobal
